<?xml version="1.0" encoding="UTF-8"?>
<!DOCTYPE plist PUBLIC "-//Apple//DTD PLIST 1.0//EN" "http://www.apple.com/DTDs/PropertyList-1.0.dtd">
<plist version="1.0">
<dict>
	<key>archiveVersion</key>
	<string>1</string>
	<key>classes</key>
	<dict/>
	<key>objectVersion</key>
	<string>56</string>
	<key>objects</key>
	<dict>
		<key>03056A48B18519913E4CF4D9</key>
		<dict>
			<key>fileRef</key>
			<string>3B97199EEEB5FCF1C6CA09F3</string>
			<key>isa</key>
			<string>PBXBuildFile</string>
		</dict>
		<key>089D26D62357F25F89662F61</key>
		<dict>
			<key>fileRef</key>
			<string>1617EF6D8D16CD4372132CFF</string>
			<key>isa</key>
			<string>PBXBuildFile</string>
		</dict>
		<key>0B61923DE51651B94A46181A</key>
		<dict>
			<key>fileRef</key>
			<string>42E27080FE0C1EA4E5C95B3B</string>
			<key>isa</key>
			<string>PBXBuildFile</string>
		</dict>
		<key>0F1C756AB0A7DEBCCF0A5069</key>
		<dict>
			<key>buildActionMask</key>
			<integer>2147483647</integer>
			<key>files</key>
			<array/>
			<key>isa</key>
			<string>PBXFrameworksBuildPhase</string>
			<key>runOnlyForDeploymentPostprocessing</key>
			<integer>0</integer>
		</dict>
		<key>1617EF6D8D16CD4372132CFF</key>
		<dict>
			<key>isa</key>
			<string>PBXFileReference</string>
			<key>lastKnownFileType</key>
			<string>sourcecode.swift</string>
			<key>path</key>
			<string>CaptureStore.swift</string>
			<key>sourceTree</key>
			<string>&lt;group&gt;</string>
		</dict>
		<key>19E06C1DA772DDB698E82A1E</key>
		<dict>
			<key>fileRef</key>
			<string>9D3C3E8649610272294A5A89</string>
			<key>isa</key>
			<string>PBXBuildFile</string>
		</dict>
		<key>1AA5F132C8E1C376037183A7</key>
		<dict>
			<key>isa</key>
			<string>PBXFileReference</string>
			<key>lastKnownFileType</key>
			<string>sourcecode.swift</string>
			<key>path</key>
			<string>CameraPreviewView.swift</string>
			<key>sourceTree</key>
			<string>&lt;group&gt;</string>
		</dict>
		<key>1DFFA3066D96EC85AD9875BE</key>
		<dict>
			<key>buildSettings</key>
			<dict>
				<key>ASSETCATALOG_COMPILER_APPICON_NAME</key>
				<string>AppIcon</string>
				<key>CODE_SIGN_STYLE</key>
				<string>Automatic</string>
				<key>CURRENT_PROJECT_VERSION</key>
				<string>1</string>
				<key>DEVELOPMENT_TEAM</key>
				<string>HP284BJ924</string>
				<key>GENERATE_INFOPLIST_FILE</key>
				<string>NO</string>
				<key>INFOPLIST_FILE</key>
				<string>ContentStation/Info.plist</string>
				<key>IPHONEOS_DEPLOYMENT_TARGET</key>
				<string>17.0</string>
				<key>MARKETING_VERSION</key>
				<string>0.1.0</string>
				<key>PRODUCT_BUNDLE_IDENTIFIER</key>
				<string>com.contentstation.station</string>
				<key>PRODUCT_NAME</key>
				<string>$(TARGET_NAME)</string>
				<key>SUPPORTED_PLATFORMS</key>
				<string>iphoneos iphonesimulator</string>
				<key>SUPPORTS_MACCATALYST</key>
				<string>NO</string>
				<key>SUPPORTS_XR_DESIGNED_FOR_IPHONE_IPAD</key>
				<string>NO</string>
				<key>SWIFT_EMIT_LOC_STRINGS</key>
				<string>YES</string>
				<key>SWIFT_OPTIMIZATION_LEVEL</key>
				<string>-Onone</string>
				<key>SWIFT_VERSION</key>
				<string>5.0</string>
				<key>TARGETED_DEVICE_FAMILY</key>
				<string>1</string>
			</dict>
			<key>isa</key>
			<string>XCBuildConfiguration</string>
			<key>name</key>
			<string>Debug</string>
		</dict>
		<key>1E657D3DF8E9028739BA9E16</key>
		<dict>
			<key>fileRef</key>
			<string>1AA5F132C8E1C376037183A7</string>
			<key>isa</key>
			<string>PBXBuildFile</string>
		</dict>
		<key>209BC7AD133568EB6DF1A4BE</key>
		<dict>
			<key>buildSettings</key>
			<dict>
				<key>ALWAYS_SEARCH_USER_PATHS</key>
				<string>NO</string>
				<key>CLANG_ANALYZER_NONNULL</key>
				<string>YES</string>
				<key>CLANG_ENABLE_MODULES</key>
				<string>YES</string>
				<key>CLANG_ENABLE_OBJC_ARC</key>
				<string>YES</string>
				<key>COPY_PHASE_STRIP</key>
				<string>NO</string>
				<key>DEBUG_INFORMATION_FORMAT</key>
				<string>dwarf</string>
				<key>ENABLE_STRICT_OBJC_MSGSEND</key>
				<string>YES</string>
				<key>ENABLE_TESTABILITY</key>
				<string>YES</string>
				<key>GCC_C_LANGUAGE_STANDARD</key>
				<string>gnu17</string>
				<key>IPHONEOS_DEPLOYMENT_TARGET</key>
				<string>17.0</string>
				<key>ONLY_ACTIVE_ARCH</key>
				<string>YES</string>
				<key>SDKROOT</key>
				<string>iphoneos</string>
				<key>SWIFT_VERSION</key>
				<string>5.0</string>
			</dict>
			<key>isa</key>
			<string>XCBuildConfiguration</string>
			<key>name</key>
			<string>Debug</string>
		</dict>
		<key>273BC0A9DCD810E3BF70F20C</key>
		<dict>
			<key>fileRef</key>
			<string>9FF27400F003611F59E38213</string>
			<key>isa</key>
			<string>PBXBuildFile</string>
		</dict>
		<key>365F02890B6AE3C86A44FD39</key>
		<dict>
			<key>buildSettings</key>
			<dict>
				<key>ASSETCATALOG_COMPILER_APPICON_NAME</key>
				<string>AppIcon</string>
				<key>CODE_SIGN_STYLE</key>
				<string>Automatic</string>
				<key>CURRENT_PROJECT_VERSION</key>
				<string>1</string>
				<key>DEVELOPMENT_TEAM</key>
				<string>HP284BJ924</string>
				<key>GENERATE_INFOPLIST_FILE</key>
				<string>NO</string>
				<key>INFOPLIST_FILE</key>
				<string>ContentStation/Info.plist</string>
				<key>IPHONEOS_DEPLOYMENT_TARGET</key>
				<string>17.0</string>
				<key>MARKETING_VERSION</key>
				<string>0.1.0</string>
				<key>PRODUCT_BUNDLE_IDENTIFIER</key>
				<string>com.contentstation.station</string>
				<key>PRODUCT_NAME</key>
				<string>$(TARGET_NAME)</string>
				<key>SUPPORTED_PLATFORMS</key>
				<string>iphoneos iphonesimulator</string>
				<key>SUPPORTS_MACCATALYST</key>
				<string>NO</string>
				<key>SUPPORTS_XR_DESIGNED_FOR_IPHONE_IPAD</key>
				<string>NO</string>
				<key>SWIFT_COMPILATION_MODE</key>
				<string>wholemodule</string>
				<key>SWIFT_EMIT_LOC_STRINGS</key>
				<string>YES</string>
				<key>SWIFT_VERSION</key>
				<string>5.0</string>
				<key>TARGETED_DEVICE_FAMILY</key>
				<string>1</string>
			</dict>
			<key>isa</key>
			<string>XCBuildConfiguration</string>
			<key>name</key>
			<string>Release</string>
		</dict>
		<key>3B97199EEEB5FCF1C6CA09F3</key>
		<dict>
			<key>isa</key>
			<string>PBXFileReference</string>
			<key>lastKnownFileType</key>
			<string>sourcecode.swift</string>
			<key>path</key>
			<string>FirebaseREST.swift</string>
			<key>sourceTree</key>
			<string>&lt;group&gt;</string>
		</dict>
		<key>40AD5089E5F2A958D30B057D</key>
		<dict>
			<key>isa</key>
			<string>PBXFileReference</string>
			<key>lastKnownFileType</key>
			<string>text.plist.xml</string>
			<key>path</key>
			<string>Info.plist</string>
			<key>sourceTree</key>
			<string>&lt;group&gt;</string>
		</dict>
		<key>42E27080FE0C1EA4E5C95B3B</key>
		<dict>
			<key>isa</key>
			<string>PBXFileReference</string>
			<key>lastKnownFileType</key>
			<string>sourcecode.swift</string>
			<key>path</key>
			<string>StationView.swift</string>
			<key>sourceTree</key>
			<string>&lt;group&gt;</string>
		</dict>
		<key>4553567A2CFD0A1E5C1B8505</key>
		<dict>
			<key>isa</key>
			<string>PBXFileReference</string>
			<key>lastKnownFileType</key>
			<string>sourcecode.swift</string>
			<key>path</key>
			<string>CaptureScheduler.swift</string>
			<key>sourceTree</key>
			<string>&lt;group&gt;</string>
		</dict>
		<key>4CD383673860659C70B896C5</key>
		<dict>
			<key>fileRef</key>
			<string>4553567A2CFD0A1E5C1B8505</string>
			<key>isa</key>
			<string>PBXBuildFile</string>
		</dict>
		<key>6015EC002CD685C775BFE510</key>
		<dict>
			<key>buildActionMask</key>
			<integer>2147483647</integer>
			<key>files</key>
			<array>
				<string>A1261833A05BEAB91E00C4BC</string>
				<string>1E657D3DF8E9028739BA9E16</string>
				<string>4CD383673860659C70B896C5</string>
				<string>089D26D62357F25F89662F61</string>
				<string>9ADE38EFAC8A95F6BB5FB926</string>
				<string>03056A48B18519913E4CF4D9</string>
				<string>7B1FBAB0170163DA7775B531</string>
				<string>75004CF0E35142DB2BA6D68C</string>
				<string>0B61923DE51651B94A46181A</string>
				<string>19E06C1DA772DDB698E82A1E</string>
			</array>
			<key>isa</key>
			<string>PBXSourcesBuildPhase</string>
			<key>runOnlyForDeploymentPostprocessing</key>
			<integer>0</integer>
		</dict>
		<key>6299AA20600CFFE79B019BC9</key>
		<dict>
			<key>isa</key>
			<string>PBXFileReference</string>
			<key>lastKnownFileType</key>
			<string>text.plist.xml</string>
			<key>path</key>
			<string>StationCredentials.plist</string>
			<key>sourceTree</key>
			<string>&lt;group&gt;</string>
		</dict>
		<key>75004CF0E35142DB2BA6D68C</key>
		<dict>
			<key>fileRef</key>
			<string>9EDB33DDDCAA79A3B2085B88</string>
			<key>isa</key>
			<string>PBXBuildFile</string>
		</dict>
		<key>7B1FBAB0170163DA7775B531</key>
		<dict>
			<key>fileRef</key>
			<string>C6DE5677461C6DBE9221BA17</string>
			<key>isa</key>
			<string>PBXBuildFile</string>
		</dict>
		<key>7C5EBF172768744E8DD729C1</key>
		<dict>
			<key>children</key>
			<array>
				<string>BD65DE84C37D767D6D0F3CC4</string>
				<string>E0ABD1EE801C7679690CD741</string>
			</array>
			<key>isa</key>
			<string>PBXGroup</string>
			<key>sourceTree</key>
			<string>&lt;group&gt;</string>
		</dict>
		<key>88DAF098911B7F272B2A3D9D</key>
		<dict>
			<key>buildSettings</key>
			<dict>
				<key>ALWAYS_SEARCH_USER_PATHS</key>
				<string>NO</string>
				<key>CLANG_ANALYZER_NONNULL</key>
				<string>YES</string>
				<key>CLANG_ENABLE_MODULES</key>
				<string>YES</string>
				<key>CLANG_ENABLE_OBJC_ARC</key>
				<string>YES</string>
				<key>COPY_PHASE_STRIP</key>
				<string>NO</string>
				<key>DEBUG_INFORMATION_FORMAT</key>
				<string>dwarf-with-dsym</string>
				<key>ENABLE_STRICT_OBJC_MSGSEND</key>
				<string>YES</string>
				<key>GCC_C_LANGUAGE_STANDARD</key>
				<string>gnu17</string>
				<key>IPHONEOS_DEPLOYMENT_TARGET</key>
				<string>17.0</string>
				<key>SDKROOT</key>
				<string>iphoneos</string>
				<key>SWIFT_VERSION</key>
				<string>5.0</string>
				<key>VALIDATE_PRODUCT</key>
				<string>YES</string>
			</dict>
			<key>isa</key>
			<string>XCBuildConfiguration</string>
			<key>name</key>
			<string>Release</string>
		</dict>
		<key>9ADE38EFAC8A95F6BB5FB926</key>
		<dict>
			<key>fileRef</key>
			<string>F418084CBD62363C4B7833CC</string>
			<key>isa</key>
			<string>PBXBuildFile</string>
		</dict>
		<key>9D3C3E8649610272294A5A89</key>
		<dict>
			<key>isa</key>
			<string>PBXFileReference</string>
			<key>lastKnownFileType</key>
			<string>sourcecode.swift</string>
			<key>path</key>
			<string>UploadQueue.swift</string>
			<key>sourceTree</key>
			<string>&lt;group&gt;</string>
		</dict>
		<key>9EDB33DDDCAA79A3B2085B88</key>
		<dict>
			<key>isa</key>
			<string>PBXFileReference</string>
			<key>lastKnownFileType</key>
			<string>sourcecode.swift</string>
			<key>path</key>
			<string>StationConfig.swift</string>
			<key>sourceTree</key>
			<string>&lt;group&gt;</string>
		</dict>
		<key>9FF27400F003611F59E38213</key>
		<dict>
			<key>isa</key>
			<string>PBXFileReference</string>
			<key>lastKnownFileType</key>
			<string>folder.assetcatalog</string>
			<key>path</key>
			<string>Assets.xcassets</string>
			<key>sourceTree</key>
			<string>&lt;group&gt;</string>
		</dict>
		<key>A1261833A05BEAB91E00C4BC</key>
		<dict>
			<key>fileRef</key>
			<string>D3E1ADD98F69B0BF4F71D362</string>
			<key>isa</key>
			<string>PBXBuildFile</string>
		</dict>
		<key>AF1A89944E13D4DE9C16B114</key>
		<dict>
			<key>fileRef</key>
			<string>6299AA20600CFFE79B019BC9</string>
			<key>isa</key>
			<string>PBXBuildFile</string>
		</dict>
		<key>B1858B8AD53BD0E53894550F</key>
		<dict>
			<key>buildConfigurationList</key>
			<string>CC9E71055FCEDBEA8A33BA8E</string>
			<key>buildPhases</key>
			<array>
				<string>6015EC002CD685C775BFE510</string>
				<string>0F1C756AB0A7DEBCCF0A5069</string>
				<string>B4A7DC8A4F6A1E046F85B2E6</string>
			</array>
			<key>buildRules</key>
			<array/>
			<key>dependencies</key>
			<array/>
			<key>isa</key>
			<string>PBXNativeTarget</string>
			<key>name</key>
			<string>ContentStation</string>
			<key>productName</key>
			<string>ContentStation</string>
			<key>productReference</key>
			<string>B8E43FAC1A6A563CC0D2FB07</string>
			<key>productType</key>
			<string>com.apple.product-type.application</string>
		</dict>
		<key>B4A7DC8A4F6A1E046F85B2E6</key>
		<dict>
			<key>buildActionMask</key>
			<integer>2147483647</integer>
			<key>files</key>
			<array>
				<string>273BC0A9DCD810E3BF70F20C</string>
				<string>AF1A89944E13D4DE9C16B114</string>
			</array>
			<key>isa</key>
			<string>PBXResourcesBuildPhase</string>
			<key>runOnlyForDeploymentPostprocessing</key>
			<integer>0</integer>
		</dict>
		<key>B8E43FAC1A6A563CC0D2FB07</key>
		<dict>
			<key>explicitFileType</key>
			<string>wrapper.application</string>
			<key>includeInIndex</key>
			<integer>0</integer>
			<key>isa</key>
			<string>PBXFileReference</string>
			<key>path</key>
			<string>ContentStation.app</string>
			<key>sourceTree</key>
			<string>BUILT_PRODUCTS_DIR</string>
		</dict>
		<key>BD65DE84C37D767D6D0F3CC4</key>
		<dict>
			<key>children</key>
			<array>
				<string>D3E1ADD98F69B0BF4F71D362</string>
				<string>1AA5F132C8E1C376037183A7</string>
				<string>4553567A2CFD0A1E5C1B8505</string>
				<string>1617EF6D8D16CD4372132CFF</string>
				<string>F418084CBD62363C4B7833CC</string>
				<string>3B97199EEEB5FCF1C6CA09F3</string>
				<string>C6DE5677461C6DBE9221BA17</string>
				<string>9EDB33DDDCAA79A3B2085B88</string>
				<string>42E27080FE0C1EA4E5C95B3B</string>
				<string>9D3C3E8649610272294A5A89</string>
				<string>40AD5089E5F2A958D30B057D</string>
				<string>9FF27400F003611F59E38213</string>
				<string>6299AA20600CFFE79B019BC9</string>
			</array>
			<key>isa</key>
			<string>PBXGroup</string>
			<key>path</key>
			<string>ContentStation</string>
			<key>sourceTree</key>
			<string>&lt;group&gt;</string>
		</dict>
		<key>BE91A6B812D22368505BEAF1</key>
		<dict>
			<key>attributes</key>
			<dict>
				<key>LastUpgradeCheck</key>
				<string>2600</string>
				<key>TargetAttributes</key>
				<dict>
					<key>B1858B8AD53BD0E53894550F</key>
					<dict>
						<key>CreatedOnToolsVersion</key>
						<string>26.0</string>
					</dict>
				</dict>
			</dict>
			<key>buildConfigurationList</key>
			<string>F8299264E3669E9BBBF32071</string>
			<key>compatibilityVersion</key>
			<string>Xcode 15.0</string>
			<key>developmentRegion</key>
			<string>en</string>
			<key>hasScannedForEncodings</key>
			<integer>0</integer>
			<key>isa</key>
			<string>PBXProject</string>
			<key>knownRegions</key>
			<array>
				<string>en</string>
				<string>Base</string>
			</array>
			<key>mainGroup</key>
			<string>7C5EBF172768744E8DD729C1</string>
			<key>productRefGroup</key>
			<string>E0ABD1EE801C7679690CD741</string>
			<key>projectDirPath</key>
			<string></string>
			<key>projectRoot</key>
			<string></string>
			<key>targets</key>
			<array>
				<string>B1858B8AD53BD0E53894550F</string>
			</array>
		</dict>
		<key>C6DE5677461C6DBE9221BA17</key>
		<dict>
			<key>isa</key>
			<string>PBXFileReference</string>
			<key>lastKnownFileType</key>
			<string>sourcecode.swift</string>
			<key>path</key>
			<string>KioskMode.swift</string>
			<key>sourceTree</key>
			<string>&lt;group&gt;</string>
		</dict>
		<key>CC9E71055FCEDBEA8A33BA8E</key>
		<dict>
			<key>buildConfigurations</key>
			<array>
				<string>1DFFA3066D96EC85AD9875BE</string>
				<string>365F02890B6AE3C86A44FD39</string>
			</array>
			<key>defaultConfigurationIsVisible</key>
			<integer>0</integer>
			<key>defaultConfigurationName</key>
			<string>Release</string>
			<key>isa</key>
			<string>XCConfigurationList</string>
		</dict>
		<key>D3E1ADD98F69B0BF4F71D362</key>
		<dict>
			<key>isa</key>
			<string>PBXFileReference</string>
			<key>lastKnownFileType</key>
			<string>sourcecode.swift</string>
			<key>path</key>
			<string>CameraController.swift</string>
			<key>sourceTree</key>
			<string>&lt;group&gt;</string>
		</dict>
		<key>E0ABD1EE801C7679690CD741</key>
		<dict>
			<key>children</key>
			<array>
				<string>B8E43FAC1A6A563CC0D2FB07</string>
			</array>
			<key>isa</key>
			<string>PBXGroup</string>
			<key>name</key>
			<string>Products</string>
			<key>sourceTree</key>
			<string>&lt;group&gt;</string>
		</dict>
		<key>F418084CBD62363C4B7833CC</key>
		<dict>
			<key>isa</key>
			<string>PBXFileReference</string>
			<key>lastKnownFileType</key>
			<string>sourcecode.swift</string>
			<key>path</key>
			<string>ContentStationApp.swift</string>
			<key>sourceTree</key>
			<string>&lt;group&gt;</string>
		</dict>
		<key>F8299264E3669E9BBBF32071</key>
		<dict>
			<key>buildConfigurations</key>
			<array>
				<string>209BC7AD133568EB6DF1A4BE</string>
				<string>88DAF098911B7F272B2A3D9D</string>
			</array>
			<key>defaultConfigurationIsVisible</key>
			<integer>0</integer>
			<key>defaultConfigurationName</key>
			<string>Release</string>
			<key>isa</key>
			<string>XCConfigurationList</string>
		</dict>
	</dict>
	<key>rootObject</key>
	<string>BE91A6B812D22368505BEAF1</string>
</dict>
</plist>
