<?xml version="1.0" encoding="UTF-8"?>
<!DOCTYPE plist PUBLIC "-//Apple//DTD PLIST 1.0//EN" "http://www.apple.com/DTDs/PropertyList-1.0.dtd">
<plist version="1.0">
<dict>
	<key>archiveVersion</key>
	<string>1</string>
	<key>classes</key>
	<dict/>
	<key>objectVersion</key>
	<string>56</string>
	<key>objects</key>
	<dict>
		<key>04B88CB99D44A661D107ACF7</key>
		<dict>
			<key>buildSettings</key>
			<dict>
				<key>ASSETCATALOG_COMPILER_APPICON_NAME</key>
				<string>AppIcon</string>
				<key>CODE_SIGN_STYLE</key>
				<string>Automatic</string>
				<key>CURRENT_PROJECT_VERSION</key>
				<string>1</string>
				<key>DEVELOPMENT_TEAM</key>
				<string>HP284BJ924</string>
				<key>GENERATE_INFOPLIST_FILE</key>
				<string>NO</string>
				<key>INFOPLIST_FILE</key>
				<string>ContentStation/Info.plist</string>
				<key>IPHONEOS_DEPLOYMENT_TARGET</key>
				<string>17.0</string>
				<key>MARKETING_VERSION</key>
				<string>0.1.0</string>
				<key>PRODUCT_BUNDLE_IDENTIFIER</key>
				<string>com.contentstation.station</string>
				<key>PRODUCT_NAME</key>
				<string>$(TARGET_NAME)</string>
				<key>SUPPORTED_PLATFORMS</key>
				<string>iphoneos iphonesimulator</string>
				<key>SUPPORTS_MACCATALYST</key>
				<string>NO</string>
				<key>SUPPORTS_XR_DESIGNED_FOR_IPHONE_IPAD</key>
				<string>NO</string>
				<key>SWIFT_COMPILATION_MODE</key>
				<string>wholemodule</string>
				<key>SWIFT_EMIT_LOC_STRINGS</key>
				<string>YES</string>
				<key>SWIFT_VERSION</key>
				<string>5.0</string>
				<key>TARGETED_DEVICE_FAMILY</key>
				<string>1</string>
			</dict>
			<key>isa</key>
			<string>XCBuildConfiguration</string>
			<key>name</key>
			<string>Release</string>
		</dict>
		<key>118476CE1D998AC3BDE9A2BD</key>
		<dict>
			<key>fileRef</key>
			<string>86D585826911ADDA9DEEBEF2</string>
			<key>isa</key>
			<string>PBXBuildFile</string>
		</dict>
		<key>1A6DD1DE5D5D3F0D07E1080B</key>
		<dict>
			<key>buildConfigurations</key>
			<array>
				<string>915205091EA76B20CAEE8424</string>
				<string>E61BED304DC9363F0AA6718B</string>
			</array>
			<key>defaultConfigurationIsVisible</key>
			<integer>0</integer>
			<key>defaultConfigurationName</key>
			<string>Release</string>
			<key>isa</key>
			<string>XCConfigurationList</string>
		</dict>
		<key>1B7F1A590F355CC4516C733E</key>
		<dict>
			<key>fileRef</key>
			<string>BA43E38D79CE026ABCD77D9B</string>
			<key>isa</key>
			<string>PBXBuildFile</string>
		</dict>
		<key>1E9E12168BAFCCE8CF328676</key>
		<dict>
			<key>isa</key>
			<string>PBXFileReference</string>
			<key>lastKnownFileType</key>
			<string>text.plist.xml</string>
			<key>path</key>
			<string>Info.plist</string>
			<key>sourceTree</key>
			<string>&lt;group&gt;</string>
		</dict>
		<key>3106A88B63ECA132E786A9B8</key>
		<dict>
			<key>fileRef</key>
			<string>A19CDE82B9AC566755BFDF55</string>
			<key>isa</key>
			<string>PBXBuildFile</string>
		</dict>
		<key>317B9A3B4686846F4086BEE7</key>
		<dict>
			<key>fileRef</key>
			<string>B1022B9D3DF78AF875FDD64A</string>
			<key>isa</key>
			<string>PBXBuildFile</string>
		</dict>
		<key>31C16ABAF3FB40008A0DAFB7</key>
		<dict>
			<key>buildActionMask</key>
			<integer>2147483647</integer>
			<key>files</key>
			<array>
				<string>317B9A3B4686846F4086BEE7</string>
			</array>
			<key>isa</key>
			<string>PBXResourcesBuildPhase</string>
			<key>runOnlyForDeploymentPostprocessing</key>
			<integer>0</integer>
		</dict>
		<key>35AE0458CC35B6C9D5785819</key>
		<dict>
			<key>isa</key>
			<string>PBXFileReference</string>
			<key>lastKnownFileType</key>
			<string>sourcecode.swift</string>
			<key>path</key>
			<string>StationView.swift</string>
			<key>sourceTree</key>
			<string>&lt;group&gt;</string>
		</dict>
		<key>400F53E103F082DEDFE08898</key>
		<dict>
			<key>isa</key>
			<string>PBXFileReference</string>
			<key>lastKnownFileType</key>
			<string>sourcecode.swift</string>
			<key>path</key>
			<string>UploadQueue.swift</string>
			<key>sourceTree</key>
			<string>&lt;group&gt;</string>
		</dict>
		<key>48C1C141C4DC72F676234D21</key>
		<dict>
			<key>children</key>
			<array>
				<string>F8BE1B5F985426632688036B</string>
				<string>AB51F85D5AB03591FF00C98A</string>
			</array>
			<key>isa</key>
			<string>PBXGroup</string>
			<key>sourceTree</key>
			<string>&lt;group&gt;</string>
		</dict>
		<key>5CB31035D2DCB0BC6BD16BA9</key>
		<dict>
			<key>buildConfigurationList</key>
			<string>76A0D5DA7091C882FA3AA8DF</string>
			<key>buildPhases</key>
			<array>
				<string>8513F81B456440BC8AAEB4C9</string>
				<string>9C0C9D03075892F483755786</string>
				<string>31C16ABAF3FB40008A0DAFB7</string>
			</array>
			<key>buildRules</key>
			<array/>
			<key>dependencies</key>
			<array/>
			<key>isa</key>
			<string>PBXNativeTarget</string>
			<key>name</key>
			<string>ContentStation</string>
			<key>productName</key>
			<string>ContentStation</string>
			<key>productReference</key>
			<string>EA6C24A3BB22199AA8A8EE69</string>
			<key>productType</key>
			<string>com.apple.product-type.application</string>
		</dict>
		<key>707E54C2E20C7B774C470185</key>
		<dict>
			<key>fileRef</key>
			<string>99BF783944D3A9509D8E074C</string>
			<key>isa</key>
			<string>PBXBuildFile</string>
		</dict>
		<key>76A0D5DA7091C882FA3AA8DF</key>
		<dict>
			<key>buildConfigurations</key>
			<array>
				<string>D6E3762286D931B0D3B7F13B</string>
				<string>04B88CB99D44A661D107ACF7</string>
			</array>
			<key>defaultConfigurationIsVisible</key>
			<integer>0</integer>
			<key>defaultConfigurationName</key>
			<string>Release</string>
			<key>isa</key>
			<string>XCConfigurationList</string>
		</dict>
		<key>7AAEA627F958F3183ECA7D79</key>
		<dict>
			<key>fileRef</key>
			<string>ECD277C028F2D4DAFB90E632</string>
			<key>isa</key>
			<string>PBXBuildFile</string>
		</dict>
		<key>8513F81B456440BC8AAEB4C9</key>
		<dict>
			<key>buildActionMask</key>
			<integer>2147483647</integer>
			<key>files</key>
			<array>
				<string>7AAEA627F958F3183ECA7D79</string>
				<string>1B7F1A590F355CC4516C733E</string>
				<string>C1FE92F8F6A8C758D5DE9FE5</string>
				<string>3106A88B63ECA132E786A9B8</string>
				<string>118476CE1D998AC3BDE9A2BD</string>
				<string>707E54C2E20C7B774C470185</string>
				<string>DA903360DC90E4D347828897</string>
				<string>F8D359E48AA07D5A2B10F76A</string>
			</array>
			<key>isa</key>
			<string>PBXSourcesBuildPhase</string>
			<key>runOnlyForDeploymentPostprocessing</key>
			<integer>0</integer>
		</dict>
		<key>86D585826911ADDA9DEEBEF2</key>
		<dict>
			<key>isa</key>
			<string>PBXFileReference</string>
			<key>lastKnownFileType</key>
			<string>sourcecode.swift</string>
			<key>path</key>
			<string>SetupSheet.swift</string>
			<key>sourceTree</key>
			<string>&lt;group&gt;</string>
		</dict>
		<key>915205091EA76B20CAEE8424</key>
		<dict>
			<key>buildSettings</key>
			<dict>
				<key>ALWAYS_SEARCH_USER_PATHS</key>
				<string>NO</string>
				<key>CLANG_ANALYZER_NONNULL</key>
				<string>YES</string>
				<key>CLANG_ENABLE_MODULES</key>
				<string>YES</string>
				<key>CLANG_ENABLE_OBJC_ARC</key>
				<string>YES</string>
				<key>COPY_PHASE_STRIP</key>
				<string>NO</string>
				<key>DEBUG_INFORMATION_FORMAT</key>
				<string>dwarf</string>
				<key>ENABLE_STRICT_OBJC_MSGSEND</key>
				<string>YES</string>
				<key>ENABLE_TESTABILITY</key>
				<string>YES</string>
				<key>GCC_C_LANGUAGE_STANDARD</key>
				<string>gnu17</string>
				<key>IPHONEOS_DEPLOYMENT_TARGET</key>
				<string>17.0</string>
				<key>ONLY_ACTIVE_ARCH</key>
				<string>YES</string>
				<key>SDKROOT</key>
				<string>iphoneos</string>
				<key>SWIFT_VERSION</key>
				<string>5.0</string>
			</dict>
			<key>isa</key>
			<string>XCBuildConfiguration</string>
			<key>name</key>
			<string>Debug</string>
		</dict>
		<key>95BBC6453FCDF1944257EEA1</key>
		<dict>
			<key>isa</key>
			<string>PBXFileReference</string>
			<key>lastKnownFileType</key>
			<string>sourcecode.swift</string>
			<key>path</key>
			<string>CaptureStore.swift</string>
			<key>sourceTree</key>
			<string>&lt;group&gt;</string>
		</dict>
		<key>99BF783944D3A9509D8E074C</key>
		<dict>
			<key>isa</key>
			<string>PBXFileReference</string>
			<key>lastKnownFileType</key>
			<string>sourcecode.swift</string>
			<key>path</key>
			<string>StationConfig.swift</string>
			<key>sourceTree</key>
			<string>&lt;group&gt;</string>
		</dict>
		<key>9C0C9D03075892F483755786</key>
		<dict>
			<key>buildActionMask</key>
			<integer>2147483647</integer>
			<key>files</key>
			<array/>
			<key>isa</key>
			<string>PBXFrameworksBuildPhase</string>
			<key>runOnlyForDeploymentPostprocessing</key>
			<integer>0</integer>
		</dict>
		<key>A19CDE82B9AC566755BFDF55</key>
		<dict>
			<key>isa</key>
			<string>PBXFileReference</string>
			<key>lastKnownFileType</key>
			<string>sourcecode.swift</string>
			<key>path</key>
			<string>ContentStationApp.swift</string>
			<key>sourceTree</key>
			<string>&lt;group&gt;</string>
		</dict>
		<key>AB51F85D5AB03591FF00C98A</key>
		<dict>
			<key>children</key>
			<array>
				<string>EA6C24A3BB22199AA8A8EE69</string>
			</array>
			<key>isa</key>
			<string>PBXGroup</string>
			<key>name</key>
			<string>Products</string>
			<key>sourceTree</key>
			<string>&lt;group&gt;</string>
		</dict>
		<key>B1022B9D3DF78AF875FDD64A</key>
		<dict>
			<key>isa</key>
			<string>PBXFileReference</string>
			<key>lastKnownFileType</key>
			<string>folder.assetcatalog</string>
			<key>path</key>
			<string>Assets.xcassets</string>
			<key>sourceTree</key>
			<string>&lt;group&gt;</string>
		</dict>
		<key>BA43E38D79CE026ABCD77D9B</key>
		<dict>
			<key>isa</key>
			<string>PBXFileReference</string>
			<key>lastKnownFileType</key>
			<string>sourcecode.swift</string>
			<key>path</key>
			<string>CameraPreviewView.swift</string>
			<key>sourceTree</key>
			<string>&lt;group&gt;</string>
		</dict>
		<key>C1FE92F8F6A8C758D5DE9FE5</key>
		<dict>
			<key>fileRef</key>
			<string>95BBC6453FCDF1944257EEA1</string>
			<key>isa</key>
			<string>PBXBuildFile</string>
		</dict>
		<key>CCD8F8F42FD6624051721AA0</key>
		<dict>
			<key>attributes</key>
			<dict>
				<key>LastUpgradeCheck</key>
				<string>2600</string>
				<key>TargetAttributes</key>
				<dict>
					<key>5CB31035D2DCB0BC6BD16BA9</key>
					<dict>
						<key>CreatedOnToolsVersion</key>
						<string>26.0</string>
					</dict>
				</dict>
			</dict>
			<key>buildConfigurationList</key>
			<string>1A6DD1DE5D5D3F0D07E1080B</string>
			<key>compatibilityVersion</key>
			<string>Xcode 15.0</string>
			<key>developmentRegion</key>
			<string>en</string>
			<key>hasScannedForEncodings</key>
			<integer>0</integer>
			<key>isa</key>
			<string>PBXProject</string>
			<key>knownRegions</key>
			<array>
				<string>en</string>
				<string>Base</string>
			</array>
			<key>mainGroup</key>
			<string>48C1C141C4DC72F676234D21</string>
			<key>productRefGroup</key>
			<string>AB51F85D5AB03591FF00C98A</string>
			<key>projectDirPath</key>
			<string></string>
			<key>projectRoot</key>
			<string></string>
			<key>targets</key>
			<array>
				<string>5CB31035D2DCB0BC6BD16BA9</string>
			</array>
		</dict>
		<key>D6E3762286D931B0D3B7F13B</key>
		<dict>
			<key>buildSettings</key>
			<dict>
				<key>ASSETCATALOG_COMPILER_APPICON_NAME</key>
				<string>AppIcon</string>
				<key>CODE_SIGN_STYLE</key>
				<string>Automatic</string>
				<key>CURRENT_PROJECT_VERSION</key>
				<string>1</string>
				<key>DEVELOPMENT_TEAM</key>
				<string>HP284BJ924</string>
				<key>GENERATE_INFOPLIST_FILE</key>
				<string>NO</string>
				<key>INFOPLIST_FILE</key>
				<string>ContentStation/Info.plist</string>
				<key>IPHONEOS_DEPLOYMENT_TARGET</key>
				<string>17.0</string>
				<key>MARKETING_VERSION</key>
				<string>0.1.0</string>
				<key>PRODUCT_BUNDLE_IDENTIFIER</key>
				<string>com.contentstation.station</string>
				<key>PRODUCT_NAME</key>
				<string>$(TARGET_NAME)</string>
				<key>SUPPORTED_PLATFORMS</key>
				<string>iphoneos iphonesimulator</string>
				<key>SUPPORTS_MACCATALYST</key>
				<string>NO</string>
				<key>SUPPORTS_XR_DESIGNED_FOR_IPHONE_IPAD</key>
				<string>NO</string>
				<key>SWIFT_EMIT_LOC_STRINGS</key>
				<string>YES</string>
				<key>SWIFT_OPTIMIZATION_LEVEL</key>
				<string>-Onone</string>
				<key>SWIFT_VERSION</key>
				<string>5.0</string>
				<key>TARGETED_DEVICE_FAMILY</key>
				<string>1</string>
			</dict>
			<key>isa</key>
			<string>XCBuildConfiguration</string>
			<key>name</key>
			<string>Debug</string>
		</dict>
		<key>DA903360DC90E4D347828897</key>
		<dict>
			<key>fileRef</key>
			<string>35AE0458CC35B6C9D5785819</string>
			<key>isa</key>
			<string>PBXBuildFile</string>
		</dict>
		<key>E61BED304DC9363F0AA6718B</key>
		<dict>
			<key>buildSettings</key>
			<dict>
				<key>ALWAYS_SEARCH_USER_PATHS</key>
				<string>NO</string>
				<key>CLANG_ANALYZER_NONNULL</key>
				<string>YES</string>
				<key>CLANG_ENABLE_MODULES</key>
				<string>YES</string>
				<key>CLANG_ENABLE_OBJC_ARC</key>
				<string>YES</string>
				<key>COPY_PHASE_STRIP</key>
				<string>NO</string>
				<key>DEBUG_INFORMATION_FORMAT</key>
				<string>dwarf-with-dsym</string>
				<key>ENABLE_STRICT_OBJC_MSGSEND</key>
				<string>YES</string>
				<key>GCC_C_LANGUAGE_STANDARD</key>
				<string>gnu17</string>
				<key>IPHONEOS_DEPLOYMENT_TARGET</key>
				<string>17.0</string>
				<key>SDKROOT</key>
				<string>iphoneos</string>
				<key>SWIFT_VERSION</key>
				<string>5.0</string>
				<key>VALIDATE_PRODUCT</key>
				<string>YES</string>
			</dict>
			<key>isa</key>
			<string>XCBuildConfiguration</string>
			<key>name</key>
			<string>Release</string>
		</dict>
		<key>EA6C24A3BB22199AA8A8EE69</key>
		<dict>
			<key>explicitFileType</key>
			<string>wrapper.application</string>
			<key>includeInIndex</key>
			<integer>0</integer>
			<key>isa</key>
			<string>PBXFileReference</string>
			<key>path</key>
			<string>ContentStation.app</string>
			<key>sourceTree</key>
			<string>BUILT_PRODUCTS_DIR</string>
		</dict>
		<key>ECD277C028F2D4DAFB90E632</key>
		<dict>
			<key>isa</key>
			<string>PBXFileReference</string>
			<key>lastKnownFileType</key>
			<string>sourcecode.swift</string>
			<key>path</key>
			<string>CameraController.swift</string>
			<key>sourceTree</key>
			<string>&lt;group&gt;</string>
		</dict>
		<key>F8BE1B5F985426632688036B</key>
		<dict>
			<key>children</key>
			<array>
				<string>ECD277C028F2D4DAFB90E632</string>
				<string>BA43E38D79CE026ABCD77D9B</string>
				<string>95BBC6453FCDF1944257EEA1</string>
				<string>A19CDE82B9AC566755BFDF55</string>
				<string>86D585826911ADDA9DEEBEF2</string>
				<string>99BF783944D3A9509D8E074C</string>
				<string>35AE0458CC35B6C9D5785819</string>
				<string>400F53E103F082DEDFE08898</string>
				<string>1E9E12168BAFCCE8CF328676</string>
				<string>B1022B9D3DF78AF875FDD64A</string>
			</array>
			<key>isa</key>
			<string>PBXGroup</string>
			<key>path</key>
			<string>ContentStation</string>
			<key>sourceTree</key>
			<string>&lt;group&gt;</string>
		</dict>
		<key>F8D359E48AA07D5A2B10F76A</key>
		<dict>
			<key>fileRef</key>
			<string>400F53E103F082DEDFE08898</string>
			<key>isa</key>
			<string>PBXBuildFile</string>
		</dict>
	</dict>
	<key>rootObject</key>
	<string>CCD8F8F42FD6624051721AA0</string>
</dict>
</plist>
