<?xml version="1.0" encoding="UTF-8"?>
<!DOCTYPE plist PUBLIC "-//Apple//DTD PLIST 1.0//EN" "http://www.apple.com/DTDs/PropertyList-1.0.dtd">
<plist version="1.0">
<dict>
	<key>archiveVersion</key>
	<string>1</string>
	<key>classes</key>
	<dict/>
	<key>objectVersion</key>
	<string>56</string>
	<key>objects</key>
	<dict>
		<key>02691F24AF741ADC2755BE36</key>
		<dict>
			<key>fileRef</key>
			<string>D7BD5E2838DFE64A59C25DB7</string>
			<key>isa</key>
			<string>PBXBuildFile</string>
		</dict>
		<key>051C84E0FF7308380B7633F0</key>
		<dict>
			<key>buildSettings</key>
			<dict>
				<key>ALWAYS_SEARCH_USER_PATHS</key>
				<string>NO</string>
				<key>CLANG_ANALYZER_NONNULL</key>
				<string>YES</string>
				<key>CLANG_ENABLE_MODULES</key>
				<string>YES</string>
				<key>CLANG_ENABLE_OBJC_ARC</key>
				<string>YES</string>
				<key>COPY_PHASE_STRIP</key>
				<string>NO</string>
				<key>DEBUG_INFORMATION_FORMAT</key>
				<string>dwarf-with-dsym</string>
				<key>ENABLE_STRICT_OBJC_MSGSEND</key>
				<string>YES</string>
				<key>GCC_C_LANGUAGE_STANDARD</key>
				<string>gnu17</string>
				<key>IPHONEOS_DEPLOYMENT_TARGET</key>
				<string>17.0</string>
				<key>SDKROOT</key>
				<string>iphoneos</string>
				<key>SWIFT_VERSION</key>
				<string>5.0</string>
				<key>VALIDATE_PRODUCT</key>
				<string>YES</string>
			</dict>
			<key>isa</key>
			<string>XCBuildConfiguration</string>
			<key>name</key>
			<string>Release</string>
		</dict>
		<key>095C1567D1F2122A58C48796</key>
		<dict>
			<key>isa</key>
			<string>PBXFileReference</string>
			<key>lastKnownFileType</key>
			<string>text.plist.xml</string>
			<key>path</key>
			<string>Info.plist</string>
			<key>sourceTree</key>
			<string>&lt;group&gt;</string>
		</dict>
		<key>09E97482E5A4E8B0B4739CDB</key>
		<dict>
			<key>children</key>
			<array>
				<string>8FA27B2A9103CD6F85347399</string>
				<string>4ED2874DC58622FE4635927C</string>
				<string>0C53BA7FFAD2E8AEC3CBFF1E</string>
				<string>F489F3BD696CFE01E73A7482</string>
				<string>D7BD5E2838DFE64A59C25DB7</string>
				<string>DF14A6A6C65E2A43789F7ED0</string>
				<string>4C068693696748588461385F</string>
				<string>199E457374873366B1E91EF3</string>
				<string>0D1DB08AAE0805B53EF08D9A</string>
				<string>574B0446EC80FA8505A8FD9A</string>
				<string>095C1567D1F2122A58C48796</string>
				<string>D09F028BCD14DB688B9D85C7</string>
				<string>E506DCF12BB5C6A5FCC8456C</string>
			</array>
			<key>isa</key>
			<string>PBXGroup</string>
			<key>path</key>
			<string>ContentStation</string>
			<key>sourceTree</key>
			<string>&lt;group&gt;</string>
		</dict>
		<key>0C53BA7FFAD2E8AEC3CBFF1E</key>
		<dict>
			<key>isa</key>
			<string>PBXFileReference</string>
			<key>lastKnownFileType</key>
			<string>sourcecode.swift</string>
			<key>path</key>
			<string>CaptureScheduler.swift</string>
			<key>sourceTree</key>
			<string>&lt;group&gt;</string>
		</dict>
		<key>0D1DB08AAE0805B53EF08D9A</key>
		<dict>
			<key>isa</key>
			<string>PBXFileReference</string>
			<key>lastKnownFileType</key>
			<string>sourcecode.swift</string>
			<key>path</key>
			<string>StationView.swift</string>
			<key>sourceTree</key>
			<string>&lt;group&gt;</string>
		</dict>
		<key>12EB136629A8A1B253C0964D</key>
		<dict>
			<key>fileRef</key>
			<string>DF14A6A6C65E2A43789F7ED0</string>
			<key>isa</key>
			<string>PBXBuildFile</string>
		</dict>
		<key>131743EB16D3137F29883F5E</key>
		<dict>
			<key>buildActionMask</key>
			<integer>2147483647</integer>
			<key>files</key>
			<array>
				<string>4CE2319F93D9DAEA08E4A2A2</string>
				<string>59170904AFADCB648F5B1B44</string>
				<string>CEA735C5E6849D5BB37231A9</string>
				<string>38B8C9FCCBBC3807DE294FB1</string>
				<string>02691F24AF741ADC2755BE36</string>
				<string>12EB136629A8A1B253C0964D</string>
				<string>55C3BA2457E317166761C52A</string>
				<string>8612B004850ECB3D68FDC300</string>
				<string>69D820F3CA00D2BDA66AE87F</string>
				<string>8AD5E88F597BE6BE1DBB5047</string>
			</array>
			<key>isa</key>
			<string>PBXSourcesBuildPhase</string>
			<key>runOnlyForDeploymentPostprocessing</key>
			<integer>0</integer>
		</dict>
		<key>1330C81AF8C3A7338A7343CF</key>
		<dict>
			<key>buildSettings</key>
			<dict>
				<key>ASSETCATALOG_COMPILER_APPICON_NAME</key>
				<string>AppIcon</string>
				<key>CODE_SIGN_STYLE</key>
				<string>Automatic</string>
				<key>CURRENT_PROJECT_VERSION</key>
				<string>1</string>
				<key>DEVELOPMENT_TEAM</key>
				<string>HP284BJ924</string>
				<key>GENERATE_INFOPLIST_FILE</key>
				<string>NO</string>
				<key>INFOPLIST_FILE</key>
				<string>ContentStation/Info.plist</string>
				<key>IPHONEOS_DEPLOYMENT_TARGET</key>
				<string>17.0</string>
				<key>MARKETING_VERSION</key>
				<string>0.1.0</string>
				<key>PRODUCT_BUNDLE_IDENTIFIER</key>
				<string>com.contentstation.station</string>
				<key>PRODUCT_NAME</key>
				<string>$(TARGET_NAME)</string>
				<key>SUPPORTED_PLATFORMS</key>
				<string>iphoneos iphonesimulator</string>
				<key>SUPPORTS_MACCATALYST</key>
				<string>NO</string>
				<key>SUPPORTS_XR_DESIGNED_FOR_IPHONE_IPAD</key>
				<string>NO</string>
				<key>SWIFT_EMIT_LOC_STRINGS</key>
				<string>YES</string>
				<key>SWIFT_OPTIMIZATION_LEVEL</key>
				<string>-Onone</string>
				<key>SWIFT_VERSION</key>
				<string>5.0</string>
				<key>TARGETED_DEVICE_FAMILY</key>
				<string>1</string>
			</dict>
			<key>isa</key>
			<string>XCBuildConfiguration</string>
			<key>name</key>
			<string>Debug</string>
		</dict>
		<key>199E457374873366B1E91EF3</key>
		<dict>
			<key>isa</key>
			<string>PBXFileReference</string>
			<key>lastKnownFileType</key>
			<string>sourcecode.swift</string>
			<key>path</key>
			<string>StationConfig.swift</string>
			<key>sourceTree</key>
			<string>&lt;group&gt;</string>
		</dict>
		<key>24FE0108D7DD83BF1A7ABCE8</key>
		<dict>
			<key>buildConfigurationList</key>
			<string>5A9DFEF7BBCC14C52CFDD8D9</string>
			<key>buildPhases</key>
			<array>
				<string>131743EB16D3137F29883F5E</string>
				<string>63D5209A3BC41FFE3C0C39CD</string>
				<string>FA40E94C25E7A97F49761B1F</string>
			</array>
			<key>buildRules</key>
			<array/>
			<key>dependencies</key>
			<array/>
			<key>isa</key>
			<string>PBXNativeTarget</string>
			<key>name</key>
			<string>ContentStation</string>
			<key>productName</key>
			<string>ContentStation</string>
			<key>productReference</key>
			<string>D0DD3A6A7DE2E1526EF27AA9</string>
			<key>productType</key>
			<string>com.apple.product-type.application</string>
		</dict>
		<key>38B8C9FCCBBC3807DE294FB1</key>
		<dict>
			<key>fileRef</key>
			<string>F489F3BD696CFE01E73A7482</string>
			<key>isa</key>
			<string>PBXBuildFile</string>
		</dict>
		<key>396756268D682C3F5B7F9E6D</key>
		<dict>
			<key>buildSettings</key>
			<dict>
				<key>ASSETCATALOG_COMPILER_APPICON_NAME</key>
				<string>AppIcon</string>
				<key>CODE_SIGN_STYLE</key>
				<string>Automatic</string>
				<key>CURRENT_PROJECT_VERSION</key>
				<string>1</string>
				<key>DEVELOPMENT_TEAM</key>
				<string>HP284BJ924</string>
				<key>GENERATE_INFOPLIST_FILE</key>
				<string>NO</string>
				<key>INFOPLIST_FILE</key>
				<string>ContentStation/Info.plist</string>
				<key>IPHONEOS_DEPLOYMENT_TARGET</key>
				<string>17.0</string>
				<key>MARKETING_VERSION</key>
				<string>0.1.0</string>
				<key>PRODUCT_BUNDLE_IDENTIFIER</key>
				<string>com.contentstation.station</string>
				<key>PRODUCT_NAME</key>
				<string>$(TARGET_NAME)</string>
				<key>SUPPORTED_PLATFORMS</key>
				<string>iphoneos iphonesimulator</string>
				<key>SUPPORTS_MACCATALYST</key>
				<string>NO</string>
				<key>SUPPORTS_XR_DESIGNED_FOR_IPHONE_IPAD</key>
				<string>NO</string>
				<key>SWIFT_COMPILATION_MODE</key>
				<string>wholemodule</string>
				<key>SWIFT_EMIT_LOC_STRINGS</key>
				<string>YES</string>
				<key>SWIFT_VERSION</key>
				<string>5.0</string>
				<key>TARGETED_DEVICE_FAMILY</key>
				<string>1</string>
			</dict>
			<key>isa</key>
			<string>XCBuildConfiguration</string>
			<key>name</key>
			<string>Release</string>
		</dict>
		<key>4C068693696748588461385F</key>
		<dict>
			<key>isa</key>
			<string>PBXFileReference</string>
			<key>lastKnownFileType</key>
			<string>sourcecode.swift</string>
			<key>path</key>
			<string>KioskMode.swift</string>
			<key>sourceTree</key>
			<string>&lt;group&gt;</string>
		</dict>
		<key>4CE2319F93D9DAEA08E4A2A2</key>
		<dict>
			<key>fileRef</key>
			<string>8FA27B2A9103CD6F85347399</string>
			<key>isa</key>
			<string>PBXBuildFile</string>
		</dict>
		<key>4ED2874DC58622FE4635927C</key>
		<dict>
			<key>isa</key>
			<string>PBXFileReference</string>
			<key>lastKnownFileType</key>
			<string>sourcecode.swift</string>
			<key>path</key>
			<string>CameraPreviewView.swift</string>
			<key>sourceTree</key>
			<string>&lt;group&gt;</string>
		</dict>
		<key>55C3BA2457E317166761C52A</key>
		<dict>
			<key>fileRef</key>
			<string>4C068693696748588461385F</string>
			<key>isa</key>
			<string>PBXBuildFile</string>
		</dict>
		<key>574B0446EC80FA8505A8FD9A</key>
		<dict>
			<key>isa</key>
			<string>PBXFileReference</string>
			<key>lastKnownFileType</key>
			<string>sourcecode.swift</string>
			<key>path</key>
			<string>UploadQueue.swift</string>
			<key>sourceTree</key>
			<string>&lt;group&gt;</string>
		</dict>
		<key>59170904AFADCB648F5B1B44</key>
		<dict>
			<key>fileRef</key>
			<string>4ED2874DC58622FE4635927C</string>
			<key>isa</key>
			<string>PBXBuildFile</string>
		</dict>
		<key>5A9DFEF7BBCC14C52CFDD8D9</key>
		<dict>
			<key>buildConfigurations</key>
			<array>
				<string>1330C81AF8C3A7338A7343CF</string>
				<string>396756268D682C3F5B7F9E6D</string>
			</array>
			<key>defaultConfigurationIsVisible</key>
			<integer>0</integer>
			<key>defaultConfigurationName</key>
			<string>Release</string>
			<key>isa</key>
			<string>XCConfigurationList</string>
		</dict>
		<key>5D3BE7FEBE50F6A1EAB7F2F2</key>
		<dict>
			<key>buildSettings</key>
			<dict>
				<key>ALWAYS_SEARCH_USER_PATHS</key>
				<string>NO</string>
				<key>CLANG_ANALYZER_NONNULL</key>
				<string>YES</string>
				<key>CLANG_ENABLE_MODULES</key>
				<string>YES</string>
				<key>CLANG_ENABLE_OBJC_ARC</key>
				<string>YES</string>
				<key>COPY_PHASE_STRIP</key>
				<string>NO</string>
				<key>DEBUG_INFORMATION_FORMAT</key>
				<string>dwarf</string>
				<key>ENABLE_STRICT_OBJC_MSGSEND</key>
				<string>YES</string>
				<key>ENABLE_TESTABILITY</key>
				<string>YES</string>
				<key>GCC_C_LANGUAGE_STANDARD</key>
				<string>gnu17</string>
				<key>IPHONEOS_DEPLOYMENT_TARGET</key>
				<string>17.0</string>
				<key>ONLY_ACTIVE_ARCH</key>
				<string>YES</string>
				<key>SDKROOT</key>
				<string>iphoneos</string>
				<key>SWIFT_VERSION</key>
				<string>5.0</string>
			</dict>
			<key>isa</key>
			<string>XCBuildConfiguration</string>
			<key>name</key>
			<string>Debug</string>
		</dict>
		<key>63D5209A3BC41FFE3C0C39CD</key>
		<dict>
			<key>buildActionMask</key>
			<integer>2147483647</integer>
			<key>files</key>
			<array/>
			<key>isa</key>
			<string>PBXFrameworksBuildPhase</string>
			<key>runOnlyForDeploymentPostprocessing</key>
			<integer>0</integer>
		</dict>
		<key>69D820F3CA00D2BDA66AE87F</key>
		<dict>
			<key>fileRef</key>
			<string>0D1DB08AAE0805B53EF08D9A</string>
			<key>isa</key>
			<string>PBXBuildFile</string>
		</dict>
		<key>76D135E0674FCB74FDC0FA7A</key>
		<dict>
			<key>children</key>
			<array>
				<string>09E97482E5A4E8B0B4739CDB</string>
				<string>987405808E4EE94CD60A8403</string>
			</array>
			<key>isa</key>
			<string>PBXGroup</string>
			<key>sourceTree</key>
			<string>&lt;group&gt;</string>
		</dict>
		<key>8612B004850ECB3D68FDC300</key>
		<dict>
			<key>fileRef</key>
			<string>199E457374873366B1E91EF3</string>
			<key>isa</key>
			<string>PBXBuildFile</string>
		</dict>
		<key>8AD5E88F597BE6BE1DBB5047</key>
		<dict>
			<key>fileRef</key>
			<string>574B0446EC80FA8505A8FD9A</string>
			<key>isa</key>
			<string>PBXBuildFile</string>
		</dict>
		<key>8FA27B2A9103CD6F85347399</key>
		<dict>
			<key>isa</key>
			<string>PBXFileReference</string>
			<key>lastKnownFileType</key>
			<string>sourcecode.swift</string>
			<key>path</key>
			<string>CameraController.swift</string>
			<key>sourceTree</key>
			<string>&lt;group&gt;</string>
		</dict>
		<key>987405808E4EE94CD60A8403</key>
		<dict>
			<key>children</key>
			<array>
				<string>D0DD3A6A7DE2E1526EF27AA9</string>
			</array>
			<key>isa</key>
			<string>PBXGroup</string>
			<key>name</key>
			<string>Products</string>
			<key>sourceTree</key>
			<string>&lt;group&gt;</string>
		</dict>
		<key>BE8D8A651B73145D677AA4AF</key>
		<dict>
			<key>fileRef</key>
			<string>D09F028BCD14DB688B9D85C7</string>
			<key>isa</key>
			<string>PBXBuildFile</string>
		</dict>
		<key>CEA735C5E6849D5BB37231A9</key>
		<dict>
			<key>fileRef</key>
			<string>0C53BA7FFAD2E8AEC3CBFF1E</string>
			<key>isa</key>
			<string>PBXBuildFile</string>
		</dict>
		<key>D09F028BCD14DB688B9D85C7</key>
		<dict>
			<key>isa</key>
			<string>PBXFileReference</string>
			<key>lastKnownFileType</key>
			<string>folder.assetcatalog</string>
			<key>path</key>
			<string>Assets.xcassets</string>
			<key>sourceTree</key>
			<string>&lt;group&gt;</string>
		</dict>
		<key>D0DD3A6A7DE2E1526EF27AA9</key>
		<dict>
			<key>explicitFileType</key>
			<string>wrapper.application</string>
			<key>includeInIndex</key>
			<integer>0</integer>
			<key>isa</key>
			<string>PBXFileReference</string>
			<key>path</key>
			<string>ContentStation.app</string>
			<key>sourceTree</key>
			<string>BUILT_PRODUCTS_DIR</string>
		</dict>
		<key>D7BD5E2838DFE64A59C25DB7</key>
		<dict>
			<key>isa</key>
			<string>PBXFileReference</string>
			<key>lastKnownFileType</key>
			<string>sourcecode.swift</string>
			<key>path</key>
			<string>ContentStationApp.swift</string>
			<key>sourceTree</key>
			<string>&lt;group&gt;</string>
		</dict>
		<key>DE818D2850D53385182537D9</key>
		<dict>
			<key>buildConfigurations</key>
			<array>
				<string>5D3BE7FEBE50F6A1EAB7F2F2</string>
				<string>051C84E0FF7308380B7633F0</string>
			</array>
			<key>defaultConfigurationIsVisible</key>
			<integer>0</integer>
			<key>defaultConfigurationName</key>
			<string>Release</string>
			<key>isa</key>
			<string>XCConfigurationList</string>
		</dict>
		<key>DF14A6A6C65E2A43789F7ED0</key>
		<dict>
			<key>isa</key>
			<string>PBXFileReference</string>
			<key>lastKnownFileType</key>
			<string>sourcecode.swift</string>
			<key>path</key>
			<string>FirebaseREST.swift</string>
			<key>sourceTree</key>
			<string>&lt;group&gt;</string>
		</dict>
		<key>E400B200FCBCE1405F0C8E64</key>
		<dict>
			<key>fileRef</key>
			<string>E506DCF12BB5C6A5FCC8456C</string>
			<key>isa</key>
			<string>PBXBuildFile</string>
		</dict>
		<key>E506DCF12BB5C6A5FCC8456C</key>
		<dict>
			<key>isa</key>
			<string>PBXFileReference</string>
			<key>lastKnownFileType</key>
			<string>text.plist.xml</string>
			<key>path</key>
			<string>StationCredentials.plist</string>
			<key>sourceTree</key>
			<string>&lt;group&gt;</string>
		</dict>
		<key>F489F3BD696CFE01E73A7482</key>
		<dict>
			<key>isa</key>
			<string>PBXFileReference</string>
			<key>lastKnownFileType</key>
			<string>sourcecode.swift</string>
			<key>path</key>
			<string>CaptureStore.swift</string>
			<key>sourceTree</key>
			<string>&lt;group&gt;</string>
		</dict>
		<key>F7C6FBF1B0A893DBFD49831B</key>
		<dict>
			<key>attributes</key>
			<dict>
				<key>LastUpgradeCheck</key>
				<string>2600</string>
				<key>TargetAttributes</key>
				<dict>
					<key>24FE0108D7DD83BF1A7ABCE8</key>
					<dict>
						<key>CreatedOnToolsVersion</key>
						<string>26.0</string>
					</dict>
				</dict>
			</dict>
			<key>buildConfigurationList</key>
			<string>DE818D2850D53385182537D9</string>
			<key>compatibilityVersion</key>
			<string>Xcode 15.0</string>
			<key>developmentRegion</key>
			<string>en</string>
			<key>hasScannedForEncodings</key>
			<integer>0</integer>
			<key>isa</key>
			<string>PBXProject</string>
			<key>knownRegions</key>
			<array>
				<string>en</string>
				<string>Base</string>
			</array>
			<key>mainGroup</key>
			<string>76D135E0674FCB74FDC0FA7A</string>
			<key>productRefGroup</key>
			<string>987405808E4EE94CD60A8403</string>
			<key>projectDirPath</key>
			<string></string>
			<key>projectRoot</key>
			<string></string>
			<key>targets</key>
			<array>
				<string>24FE0108D7DD83BF1A7ABCE8</string>
			</array>
		</dict>
		<key>FA40E94C25E7A97F49761B1F</key>
		<dict>
			<key>buildActionMask</key>
			<integer>2147483647</integer>
			<key>files</key>
			<array>
				<string>BE8D8A651B73145D677AA4AF</string>
				<string>E400B200FCBCE1405F0C8E64</string>
			</array>
			<key>isa</key>
			<string>PBXResourcesBuildPhase</string>
			<key>runOnlyForDeploymentPostprocessing</key>
			<integer>0</integer>
		</dict>
	</dict>
	<key>rootObject</key>
	<string>F7C6FBF1B0A893DBFD49831B</string>
</dict>
</plist>
